
Microsoft Visual Studio Solution File, Format Version 12.00
# Visual Studio Version 16
VisualStudioVersion = 16.0.31313.79
MinimumVisualStudioVersion = 10.0.40219.1
Project("{FAE04EC0-301F-11D3-BF4B-00C04F79EFBC}") = "assignment2FinalVersionComp60", "assignment2FinalVersionComp60.csproj", "{CE50FCAC-FE95-4D3F-9E32-B45B65F5F122}"
EndProject
Global
	GlobalSection(SolutionConfigurationPlatforms) = preSolution
		Debug|Any CPU = Debug|Any CPU
		Release|Any CPU = Release|Any CPU
	EndGlobalSection
	GlobalSection(ProjectConfigurationPlatforms) = postSolution
		{CE50FCAC-FE95-4D3F-9E32-B45B65F5F122}.Debug|Any CPU.ActiveCfg = Debug|Any CPU
		{CE50FCAC-FE95-4D3F-9E32-B45B65F5F122}.Debug|Any CPU.Build.0 = Debug|Any CPU
		{CE50FCAC-FE95-4D3F-9E32-B45B65F5F122}.Release|Any CPU.ActiveCfg = Release|Any CPU
		{CE50FCAC-FE95-4D3F-9E32-B45B65F5F122}.Release|Any CPU.Build.0 = Release|Any CPU
	EndGlobalSection
	GlobalSection(SolutionProperties) = preSolution
		HideSolutionNode = FALSE
	EndGlobalSection
	GlobalSection(ExtensibilityGlobals) = postSolution
		SolutionGuid = {B44924AB-DAED-467A-A52E-CC0530030756}
	EndGlobalSection
EndGlobal
